
Microsoft Visual Studio Solution File, Format Version 12.00
# Visual Studio 15
VisualStudioVersion = 15.0.28307.1062
MinimumVisualStudioVersion = 10.0.40219.1
Project("{F14B399A-7131-4C87-9E4B-1186C45EF12D}") = "SSRS_steam", "SSRS_steam\SSRS_steam.rptproj", "{C92BE98E-C4F8-4144-961E-0341DF67F964}"
EndProject
Global
	GlobalSection(SolutionConfigurationPlatforms) = preSolution
		Debug|Default = Debug|Default
		DebugLocal|Default = DebugLocal|Default
		Release|Default = Release|Default
	EndGlobalSection
	GlobalSection(ProjectConfigurationPlatforms) = postSolution
		{C92BE98E-C4F8-4144-961E-0341DF67F964}.Debug|Default.ActiveCfg = Debug
		{C92BE98E-C4F8-4144-961E-0341DF67F964}.Debug|Default.Build.0 = Debug
		{C92BE98E-C4F8-4144-961E-0341DF67F964}.Debug|Default.Deploy.0 = Debug
		{C92BE98E-C4F8-4144-961E-0341DF67F964}.DebugLocal|Default.ActiveCfg = DebugLocal
		{C92BE98E-C4F8-4144-961E-0341DF67F964}.DebugLocal|Default.Build.0 = DebugLocal
		{C92BE98E-C4F8-4144-961E-0341DF67F964}.Release|Default.ActiveCfg = Release
		{C92BE98E-C4F8-4144-961E-0341DF67F964}.Release|Default.Build.0 = Release
		{C92BE98E-C4F8-4144-961E-0341DF67F964}.Release|Default.Deploy.0 = Release
	EndGlobalSection
	GlobalSection(SolutionProperties) = preSolution
		HideSolutionNode = FALSE
	EndGlobalSection
	GlobalSection(ExtensibilityGlobals) = postSolution
		SolutionGuid = {6D15331C-8C65-4B69-90EB-D3A8F979C53C}
	EndGlobalSection
EndGlobal
